// !$*UTF8*$!
{
	archiveVersion = 1;
	classes = {
	};
	objectVersion = 50;
	objects = {

/* Begin PBXBuildFile section */
		AB89379B226C100A00DD6876 /* FlexLayout.framework in Frameworks */ = {isa = PBXBuildFile; fileRef = AB89379A226C100A00DD6876 /* FlexLayout.framework */; };
		AB89379D226C10BA00DD6876 /* StoryCell.swift in Sources */ = {isa = PBXBuildFile; fileRef = AB89379C226C10BA00DD6876 /* StoryCell.swift */; };
		ABD13111226C416C00BE4B1A /* BlurredStatusBarViewController.swift in Sources */ = {isa = PBXBuildFile; fileRef = ABD13110226C416C00BE4B1A /* BlurredStatusBarViewController.swift */; };
		ABFC511C2245EF01004E4ADB /* AppDelegate.swift in Sources */ = {isa = PBXBuildFile; fileRef = ABFC511B2245EF01004E4ADB /* AppDelegate.swift */; };
		ABFC511E2245EF01004E4ADB /* TopStoriesViewController.swift in Sources */ = {isa = PBXBuildFile; fileRef = ABFC511D2245EF01004E4ADB /* TopStoriesViewController.swift */; };
		ABFC51252245EF03004E4ADB /* Assets.xcassets in Resources */ = {isa = PBXBuildFile; fileRef = ABFC51242245EF03004E4ADB /* Assets.xcassets */; };
		ABFC51282245EF03004E4ADB /* LaunchScreen.storyboard in Resources */ = {isa = PBXBuildFile; fileRef = ABFC51262245EF03004E4ADB /* LaunchScreen.storyboard */; };
		ABFC51302245F6CC004E4ADB /* HackerNews.swift in Sources */ = {isa = PBXBuildFile; fileRef = ABFC512F2245F6CC004E4ADB /* HackerNews.swift */; };
		ABFC51322245F883004E4ADB /* Story.swift in Sources */ = {isa = PBXBuildFile; fileRef = ABFC51312245F883004E4ADB /* Story.swift */; };
/* End PBXBuildFile section */

/* Begin PBXFileReference section */
		AB89379A226C100A00DD6876 /* FlexLayout.framework */ = {isa = PBXFileReference; lastKnownFileType = wrapper.framework; name = FlexLayout.framework; path = Carthage/Build/iOS/FlexLayout.framework; sourceTree = "<group>"; };
		AB89379C226C10BA00DD6876 /* StoryCell.swift */ = {isa = PBXFileReference; lastKnownFileType = sourcecode.swift; path = StoryCell.swift; sourceTree = "<group>"; };
		ABD13110226C416C00BE4B1A /* BlurredStatusBarViewController.swift */ = {isa = PBXFileReference; lastKnownFileType = sourcecode.swift; path = BlurredStatusBarViewController.swift; sourceTree = "<group>"; };
		ABFC51182245EF00004E4ADB /* Hacker News.app */ = {isa = PBXFileReference; explicitFileType = wrapper.application; includeInIndex = 0; path = "Hacker News.app"; sourceTree = BUILT_PRODUCTS_DIR; };
		ABFC511B2245EF01004E4ADB /* AppDelegate.swift */ = {isa = PBXFileReference; lastKnownFileType = sourcecode.swift; path = AppDelegate.swift; sourceTree = "<group>"; };
		ABFC511D2245EF01004E4ADB /* TopStoriesViewController.swift */ = {isa = PBXFileReference; lastKnownFileType = sourcecode.swift; path = TopStoriesViewController.swift; sourceTree = "<group>"; };
		ABFC51242245EF03004E4ADB /* Assets.xcassets */ = {isa = PBXFileReference; lastKnownFileType = folder.assetcatalog; path = Assets.xcassets; sourceTree = "<group>"; };
		ABFC51272245EF03004E4ADB /* Base */ = {isa = PBXFileReference; lastKnownFileType = file.storyboard; name = Base; path = Base.lproj/LaunchScreen.storyboard; sourceTree = "<group>"; };
		ABFC51292245EF03004E4ADB /* Info.plist */ = {isa = PBXFileReference; lastKnownFileType = text.plist.xml; path = Info.plist; sourceTree = "<group>"; };
		ABFC512F2245F6CC004E4ADB /* HackerNews.swift */ = {isa = PBXFileReference; lastKnownFileType = sourcecode.swift; path = HackerNews.swift; sourceTree = "<group>"; };
		ABFC51312245F883004E4ADB /* Story.swift */ = {isa = PBXFileReference; lastKnownFileType = sourcecode.swift; path = Story.swift; sourceTree = "<group>"; };
/* End PBXFileReference section */

/* Begin PBXFrameworksBuildPhase section */
		ABFC51152245EF00004E4ADB /* Frameworks */ = {
			isa = PBXFrameworksBuildPhase;
			buildActionMask = 2147483647;
			files = (
				AB89379B226C100A00DD6876 /* FlexLayout.framework in Frameworks */,
			);
			runOnlyForDeploymentPostprocessing = 0;
		};
/* End PBXFrameworksBuildPhase section */

/* Begin PBXGroup section */
		ABFC510F2245EF00004E4ADB = {
			isa = PBXGroup;
			children = (
				AB89379A226C100A00DD6876 /* FlexLayout.framework */,
				ABFC511A2245EF00004E4ADB /* Hacker News */,
				ABFC51192245EF00004E4ADB /* Products */,
			);
			sourceTree = "<group>";
		};
		ABFC51192245EF00004E4ADB /* Products */ = {
			isa = PBXGroup;
			children = (
				ABFC51182245EF00004E4ADB /* Hacker News.app */,
			);
			name = Products;
			sourceTree = "<group>";
		};
		ABFC511A2245EF00004E4ADB /* Hacker News */ = {
			isa = PBXGroup;
			children = (
				ABFC511B2245EF01004E4ADB /* AppDelegate.swift */,
				ABFC511D2245EF01004E4ADB /* TopStoriesViewController.swift */,
				AB89379C226C10BA00DD6876 /* StoryCell.swift */,
				ABFC51242245EF03004E4ADB /* Assets.xcassets */,
				ABFC51262245EF03004E4ADB /* LaunchScreen.storyboard */,
				ABFC51292245EF03004E4ADB /* Info.plist */,
				ABFC512F2245F6CC004E4ADB /* HackerNews.swift */,
				ABFC51312245F883004E4ADB /* Story.swift */,
				ABD13110226C416C00BE4B1A /* BlurredStatusBarViewController.swift */,
			);
			path = "Hacker News";
			sourceTree = "<group>";
		};
/* End PBXGroup section */

/* Begin PBXNativeTarget section */
		ABFC51172245EF00004E4ADB /* Hacker News */ = {
			isa = PBXNativeTarget;
			buildConfigurationList = ABFC512C2245EF03004E4ADB /* Build configuration list for PBXNativeTarget "Hacker News" */;
			buildPhases = (
				ABFC51142245EF00004E4ADB /* Sources */,
				ABFC51152245EF00004E4ADB /* Frameworks */,
				ABFC51162245EF00004E4ADB /* Resources */,
				ABA7952A2249C1DD00F4F329 /* ShellScript */,
			);
			buildRules = (
			);
			dependencies = (
			);
			name = "Hacker News";
			productName = "Hacker News";
			productReference = ABFC51182245EF00004E4ADB /* Hacker News.app */;
			productType = "com.apple.product-type.application";
		};
/* End PBXNativeTarget section */

/* Begin PBXProject section */
		ABFC51102245EF00004E4ADB /* Project object */ = {
			isa = PBXProject;
			attributes = {
				LastSwiftUpdateCheck = 1010;
				LastUpgradeCheck = 1010;
				ORGANIZATIONNAME = "Trevor Behlman";
				TargetAttributes = {
					ABFC51172245EF00004E4ADB = {
						CreatedOnToolsVersion = 10.1;
					};
				};
			};
			buildConfigurationList = ABFC51132245EF00004E4ADB /* Build configuration list for PBXProject "Hacker News" */;
			compatibilityVersion = "Xcode 9.3";
			developmentRegion = en;
			hasScannedForEncodings = 0;
			knownRegions = (
				en,
				Base,
			);
			mainGroup = ABFC510F2245EF00004E4ADB;
			productRefGroup = ABFC51192245EF00004E4ADB /* Products */;
			projectDirPath = "";
			projectRoot = "";
			targets = (
				ABFC51172245EF00004E4ADB /* Hacker News */,
			);
		};
/* End PBXProject section */

/* Begin PBXResourcesBuildPhase section */
		ABFC51162245EF00004E4ADB /* Resources */ = {
			isa = PBXResourcesBuildPhase;
			buildActionMask = 2147483647;
			files = (
				ABFC51282245EF03004E4ADB /* LaunchScreen.storyboard in Resources */,
				ABFC51252245EF03004E4ADB /* Assets.xcassets in Resources */,
			);
			runOnlyForDeploymentPostprocessing = 0;
		};
/* End PBXResourcesBuildPhase section */

/* Begin PBXShellScriptBuildPhase section */
		ABA7952A2249C1DD00F4F329 /* ShellScript */ = {
			isa = PBXShellScriptBuildPhase;
			buildActionMask = 2147483647;
			files = (
			);
			inputFileListPaths = (
			);
			inputPaths = (
				"$(SRCROOT)/Carthage/Build/iOS/FlexLayout.framework",
			);
			outputFileListPaths = (
			);
			outputPaths = (
				"$(BUILT_PRODUCTS_DIR)/$(FRAMEWORKS_FOLDER_PATH)/FlexLayout.framework",
			);
			runOnlyForDeploymentPostprocessing = 0;
			shellPath = /bin/sh;
			shellScript = "/usr/local/bin/carthage copy-frameworks\n";
		};
/* End PBXShellScriptBuildPhase section */

/* Begin PBXSourcesBuildPhase section */
		ABFC51142245EF00004E4ADB /* Sources */ = {
			isa = PBXSourcesBuildPhase;
			buildActionMask = 2147483647;
			files = (
				ABFC511E2245EF01004E4ADB /* TopStoriesViewController.swift in Sources */,
				ABFC51302245F6CC004E4ADB /* HackerNews.swift in Sources */,
				ABFC511C2245EF01004E4ADB /* AppDelegate.swift in Sources */,
				ABD13111226C416C00BE4B1A /* BlurredStatusBarViewController.swift in Sources */,
				ABFC51322245F883004E4ADB /* Story.swift in Sources */,
				AB89379D226C10BA00DD6876 /* StoryCell.swift in Sources */,
			);
			runOnlyForDeploymentPostprocessing = 0;
		};
/* End PBXSourcesBuildPhase section */

/* Begin PBXVariantGroup section */
		ABFC51262245EF03004E4ADB /* LaunchScreen.storyboard */ = {
			isa = PBXVariantGroup;
			children = (
				ABFC51272245EF03004E4ADB /* Base */,
			);
			name = LaunchScreen.storyboard;
			sourceTree = "<group>";
		};
/* End PBXVariantGroup section */

/* Begin XCBuildConfiguration section */
		ABFC512A2245EF03004E4ADB /* Debug */ = {
			isa = XCBuildConfiguration;
			buildSettings = {
				ALWAYS_SEARCH_USER_PATHS = NO;
				CLANG_ANALYZER_NONNULL = YES;
				CLANG_ANALYZER_NUMBER_OBJECT_CONVERSION = YES_AGGRESSIVE;
				CLANG_CXX_LANGUAGE_STANDARD = "gnu++14";
				CLANG_CXX_LIBRARY = "libc++";
				CLANG_ENABLE_MODULES = YES;
				CLANG_ENABLE_OBJC_ARC = YES;
				CLANG_ENABLE_OBJC_WEAK = YES;
				CLANG_WARN_BLOCK_CAPTURE_AUTORELEASING = YES;
				CLANG_WARN_BOOL_CONVERSION = YES;
				CLANG_WARN_COMMA = YES;
				CLANG_WARN_CONSTANT_CONVERSION = YES;
				CLANG_WARN_DEPRECATED_OBJC_IMPLEMENTATIONS = YES;
				CLANG_WARN_DIRECT_OBJC_ISA_USAGE = YES_ERROR;
				CLANG_WARN_DOCUMENTATION_COMMENTS = YES;
				CLANG_WARN_EMPTY_BODY = YES;
				CLANG_WARN_ENUM_CONVERSION = YES;
				CLANG_WARN_INFINITE_RECURSION = YES;
				CLANG_WARN_INT_CONVERSION = YES;
				CLANG_WARN_NON_LITERAL_NULL_CONVERSION = YES;
				CLANG_WARN_OBJC_IMPLICIT_RETAIN_SELF = YES;
				CLANG_WARN_OBJC_LITERAL_CONVERSION = YES;
				CLANG_WARN_OBJC_ROOT_CLASS = YES_ERROR;
				CLANG_WARN_RANGE_LOOP_ANALYSIS = YES;
				CLANG_WARN_STRICT_PROTOTYPES = YES;
				CLANG_WARN_SUSPICIOUS_MOVE = YES;
				CLANG_WARN_UNGUARDED_AVAILABILITY = YES_AGGRESSIVE;
				CLANG_WARN_UNREACHABLE_CODE = YES;
				CLANG_WARN__DUPLICATE_METHOD_MATCH = YES;
				CODE_SIGN_IDENTITY = "iPhone Developer";
				COPY_PHASE_STRIP = NO;
				DEBUG_INFORMATION_FORMAT = dwarf;
				ENABLE_STRICT_OBJC_MSGSEND = YES;
				ENABLE_TESTABILITY = YES;
				GCC_C_LANGUAGE_STANDARD = gnu11;
				GCC_DYNAMIC_NO_PIC = NO;
				GCC_NO_COMMON_BLOCKS = YES;
				GCC_OPTIMIZATION_LEVEL = 0;
				GCC_PREPROCESSOR_DEFINITIONS = (
					"DEBUG=1",
					"$(inherited)",
				);
				GCC_WARN_64_TO_32_BIT_CONVERSION = YES;
				GCC_WARN_ABOUT_RETURN_TYPE = YES_ERROR;
				GCC_WARN_UNDECLARED_SELECTOR = YES;
				GCC_WARN_UNINITIALIZED_AUTOS = YES_AGGRESSIVE;
				GCC_WARN_UNUSED_FUNCTION = YES;
				GCC_WARN_UNUSED_VARIABLE = YES;
				IPHONEOS_DEPLOYMENT_TARGET = 12.1;
				MTL_ENABLE_DEBUG_INFO = INCLUDE_SOURCE;
				MTL_FAST_MATH = YES;
				ONLY_ACTIVE_ARCH = YES;
				SDKROOT = iphoneos;
				SWIFT_ACTIVE_COMPILATION_CONDITIONS = DEBUG;
				SWIFT_OPTIMIZATION_LEVEL = "-Onone";
			};
			name = Debug;
		};
		ABFC512B2245EF03004E4ADB /* Release */ = {
			isa = XCBuildConfiguration;
			buildSettings = {
				ALWAYS_SEARCH_USER_PATHS = NO;
				CLANG_ANALYZER_NONNULL = YES;
				CLANG_ANALYZER_NUMBER_OBJECT_CONVERSION = YES_AGGRESSIVE;
				CLANG_CXX_LANGUAGE_STANDARD = "gnu++14";
				CLANG_CXX_LIBRARY = "libc++";
				CLANG_ENABLE_MODULES = YES;
				CLANG_ENABLE_OBJC_ARC = YES;
				CLANG_ENABLE_OBJC_WEAK = YES;
				CLANG_WARN_BLOCK_CAPTURE_AUTORELEASING = YES;
				CLANG_WARN_BOOL_CONVERSION = YES;
				CLANG_WARN_COMMA = YES;
				CLANG_WARN_CONSTANT_CONVERSION = YES;
				CLANG_WARN_DEPRECATED_OBJC_IMPLEMENTATIONS = YES;
				CLANG_WARN_DIRECT_OBJC_ISA_USAGE = YES_ERROR;
				CLANG_WARN_DOCUMENTATION_COMMENTS = YES;
				CLANG_WARN_EMPTY_BODY = YES;
				CLANG_WARN_ENUM_CONVERSION = YES;
				CLANG_WARN_INFINITE_RECURSION = YES;
				CLANG_WARN_INT_CONVERSION = YES;
				CLANG_WARN_NON_LITERAL_NULL_CONVERSION = YES;
				CLANG_WARN_OBJC_IMPLICIT_RETAIN_SELF = YES;
				CLANG_WARN_OBJC_LITERAL_CONVERSION = YES;
				CLANG_WARN_OBJC_ROOT_CLASS = YES_ERROR;
				CLANG_WARN_RANGE_LOOP_ANALYSIS = YES;
				CLANG_WARN_STRICT_PROTOTYPES = YES;
				CLANG_WARN_SUSPICIOUS_MOVE = YES;
				CLANG_WARN_UNGUARDED_AVAILABILITY = YES_AGGRESSIVE;
				CLANG_WARN_UNREACHABLE_CODE = YES;
				CLANG_WARN__DUPLICATE_METHOD_MATCH = YES;
				CODE_SIGN_IDENTITY = "iPhone Developer";
				COPY_PHASE_STRIP = NO;
				DEBUG_INFORMATION_FORMAT = "dwarf-with-dsym";
				ENABLE_NS_ASSERTIONS = NO;
				ENABLE_STRICT_OBJC_MSGSEND = YES;
				GCC_C_LANGUAGE_STANDARD = gnu11;
				GCC_NO_COMMON_BLOCKS = YES;
				GCC_WARN_64_TO_32_BIT_CONVERSION = YES;
				GCC_WARN_ABOUT_RETURN_TYPE = YES_ERROR;
				GCC_WARN_UNDECLARED_SELECTOR = YES;
				GCC_WARN_UNINITIALIZED_AUTOS = YES_AGGRESSIVE;
				GCC_WARN_UNUSED_FUNCTION = YES;
				GCC_WARN_UNUSED_VARIABLE = YES;
				IPHONEOS_DEPLOYMENT_TARGET = 12.1;
				MTL_ENABLE_DEBUG_INFO = NO;
				MTL_FAST_MATH = YES;
				SDKROOT = iphoneos;
				SWIFT_COMPILATION_MODE = wholemodule;
				SWIFT_OPTIMIZATION_LEVEL = "-O";
				VALIDATE_PRODUCT = YES;
			};
			name = Release;
		};
		ABFC512D2245EF03004E4ADB /* Debug */ = {
			isa = XCBuildConfiguration;
			buildSettings = {
				ASSETCATALOG_COMPILER_APPICON_NAME = AppIcon;
				CODE_SIGN_STYLE = Automatic;
				DEVELOPMENT_TEAM = VE6CSLGJ83;
				FRAMEWORK_SEARCH_PATHS = (
					"$(inherited)",
					"$(PROJECT_DIR)/Carthage/Build/iOS",
				);
				INFOPLIST_FILE = "Hacker News/Info.plist";
				LD_RUNPATH_SEARCH_PATHS = (
					"$(inherited)",
					"@executable_path/Frameworks",
				);
				PRODUCT_BUNDLE_IDENTIFIER = "tbehlman.Hacker-News";
				PRODUCT_NAME = "$(TARGET_NAME)";
				SWIFT_VERSION = 4.2;
				TARGETED_DEVICE_FAMILY = "1,2";
			};
			name = Debug;
		};
		ABFC512E2245EF03004E4ADB /* Release */ = {
			isa = XCBuildConfiguration;
			buildSettings = {
				ASSETCATALOG_COMPILER_APPICON_NAME = AppIcon;
				CODE_SIGN_STYLE = Automatic;
				DEVELOPMENT_TEAM = VE6CSLGJ83;
				FRAMEWORK_SEARCH_PATHS = (
					"$(inherited)",
					"$(PROJECT_DIR)/Carthage/Build/iOS",
				);
				INFOPLIST_FILE = "Hacker News/Info.plist";
				LD_RUNPATH_SEARCH_PATHS = (
					"$(inherited)",
					"@executable_path/Frameworks",
				);
				PRODUCT_BUNDLE_IDENTIFIER = "tbehlman.Hacker-News";
				PRODUCT_NAME = "$(TARGET_NAME)";
				SWIFT_VERSION = 4.2;
				TARGETED_DEVICE_FAMILY = "1,2";
			};
			name = Release;
		};
/* End XCBuildConfiguration section */

/* Begin XCConfigurationList section */
		ABFC51132245EF00004E4ADB /* Build configuration list for PBXProject "Hacker News" */ = {
			isa = XCConfigurationList;
			buildConfigurations = (
				ABFC512A2245EF03004E4ADB /* Debug */,
				ABFC512B2245EF03004E4ADB /* Release */,
			);
			defaultConfigurationIsVisible = 0;
			defaultConfigurationName = Release;
		};
		ABFC512C2245EF03004E4ADB /* Build configuration list for PBXNativeTarget "Hacker News" */ = {
			isa = XCConfigurationList;
			buildConfigurations = (
				ABFC512D2245EF03004E4ADB /* Debug */,
				ABFC512E2245EF03004E4ADB /* Release */,
			);
			defaultConfigurationIsVisible = 0;
			defaultConfigurationName = Release;
		};
/* End XCConfigurationList section */
	};
	rootObject = ABFC51102245EF00004E4ADB /* Project object */;
}
